
Microsoft Visual Studio Solution File, Format Version 12.00
# Visual Studio Version 17
VisualStudioVersion = 17.5.33530.505
MinimumVisualStudioVersion = 10.0.40219.1
Project("{9A19103F-16F7-4668-BE54-9A1E7A4F7556}") = "Inter-Tutorial", "Inter-Tutorial.csproj", "{DD3BE186-35A0-4998-B605-513E5E813875}"
EndProject
Global
	GlobalSection(SolutionConfigurationPlatforms) = preSolution
		Debug|Any CPU = Debug|Any CPU
		Release|Any CPU = Release|Any CPU
	EndGlobalSection
	GlobalSection(ProjectConfigurationPlatforms) = postSolution
		{DD3BE186-35A0-4998-B605-513E5E813875}.Debug|Any CPU.ActiveCfg = Debug|Any CPU
		{DD3BE186-35A0-4998-B605-513E5E813875}.Debug|Any CPU.Build.0 = Debug|Any CPU
		{DD3BE186-35A0-4998-B605-513E5E813875}.Release|Any CPU.ActiveCfg = Release|Any CPU
		{DD3BE186-35A0-4998-B605-513E5E813875}.Release|Any CPU.Build.0 = Release|Any CPU
	EndGlobalSection
	GlobalSection(SolutionProperties) = preSolution
		HideSolutionNode = FALSE
	EndGlobalSection
	GlobalSection(ExtensibilityGlobals) = postSolution
		SolutionGuid = {45EFA861-783F-471E-9A49-5E3810E45D59}
	EndGlobalSection
EndGlobal
